// !$*UTF8*$!
{
	archiveVersion = 1;
	classes = {
	};
	objectVersion = 46;
	objects = {

/* Begin PBXBuildFile section */
		AF123DB71C8D5C7900B2F660 /* ModifyPwdViewController.m in Sources */ = {isa = PBXBuildFile; fileRef = AF123DB51C8D5C7900B2F660 /* ModifyPwdViewController.m */; };
		AF123DB81C8D5C7900B2F660 /* ModifyPwdViewController.xib in Resources */ = {isa = PBXBuildFile; fileRef = AF123DB61C8D5C7900B2F660 /* ModifyPwdViewController.xib */; };
		AF123DBC1C8D69FA00B2F660 /* ModifyIntroViewController.m in Sources */ = {isa = PBXBuildFile; fileRef = AF123DBA1C8D69FA00B2F660 /* ModifyIntroViewController.m */; };
		AF123DBD1C8D69FA00B2F660 /* ModifyIntroViewController.xib in Resources */ = {isa = PBXBuildFile; fileRef = AF123DBB1C8D69FA00B2F660 /* ModifyIntroViewController.xib */; };
		AF123DC11C8D771B00B2F660 /* ModifyMottoViewController.m in Sources */ = {isa = PBXBuildFile; fileRef = AF123DBF1C8D771B00B2F660 /* ModifyMottoViewController.m */; };
		AF123DC21C8D771B00B2F660 /* ModifyMottoViewController.xib in Resources */ = {isa = PBXBuildFile; fileRef = AF123DC01C8D771B00B2F660 /* ModifyMottoViewController.xib */; };
		AF123DC61C8D79F400B2F660 /* ModifyPhoneViewController.m in Sources */ = {isa = PBXBuildFile; fileRef = AF123DC41C8D79F400B2F660 /* ModifyPhoneViewController.m */; };
		AF123DC71C8D79F400B2F660 /* ModifyPhoneViewController.xib in Resources */ = {isa = PBXBuildFile; fileRef = AF123DC51C8D79F400B2F660 /* ModifyPhoneViewController.xib */; };
		AF123DCB1C8D7A0300B2F660 /* ModifyEmailViewController.m in Sources */ = {isa = PBXBuildFile; fileRef = AF123DC91C8D7A0300B2F660 /* ModifyEmailViewController.m */; };
		AF123DCC1C8D7A0300B2F660 /* ModifyEmailViewController.xib in Resources */ = {isa = PBXBuildFile; fileRef = AF123DCA1C8D7A0300B2F660 /* ModifyEmailViewController.xib */; };
		AF1394D11C9FE52D00DE2B1C /* Grade.m in Sources */ = {isa = PBXBuildFile; fileRef = AF1394D01C9FE52D00DE2B1C /* Grade.m */; };
		AF1394D41C9FE6BD00DE2B1C /* GradeResp.m in Sources */ = {isa = PBXBuildFile; fileRef = AF1394D31C9FE6BD00DE2B1C /* GradeResp.m */; };
		AF1394D81C9FEDA100DE2B1C /* MXPullDownMenu.m in Sources */ = {isa = PBXBuildFile; fileRef = AF1394D71C9FEDA100DE2B1C /* MXPullDownMenu.m */; };
		AF7BC77B1C88337200A03787 /* ProfileTableViewCell.m in Sources */ = {isa = PBXBuildFile; fileRef = AF7BC7791C88337200A03787 /* ProfileTableViewCell.m */; };
		AF7BC77C1C88337200A03787 /* ProfileTableViewCell.xib in Resources */ = {isa = PBXBuildFile; fileRef = AF7BC77A1C88337200A03787 /* ProfileTableViewCell.xib */; };
		AF7BC77E1C88376A00A03787 /* Profile.plist in Resources */ = {isa = PBXBuildFile; fileRef = AF7BC77D1C88376A00A03787 /* Profile.plist */; };
		AF989E0F1C86E1250014BD77 /* WorkManagementViewController.m in Sources */ = {isa = PBXBuildFile; fileRef = AF989E0D1C86E1250014BD77 /* WorkManagementViewController.m */; };
		AF989E101C86E1250014BD77 /* WorkManagementViewController.xib in Resources */ = {isa = PBXBuildFile; fileRef = AF989E0E1C86E1250014BD77 /* WorkManagementViewController.xib */; };
		AF989E141C86E3340014BD77 /* ProfileViewController.m in Sources */ = {isa = PBXBuildFile; fileRef = AF989E121C86E3340014BD77 /* ProfileViewController.m */; };
		AF989E151C86E3340014BD77 /* ProfileViewController.xib in Resources */ = {isa = PBXBuildFile; fileRef = AF989E131C86E3340014BD77 /* ProfileViewController.xib */; };
		AFA3CADE1C97F7C90009CE1B /* MyCommentsTableViewCell.m in Sources */ = {isa = PBXBuildFile; fileRef = AFA3CADC1C97F7C90009CE1B /* MyCommentsTableViewCell.m */; };
		AFA3CADF1C97F7C90009CE1B /* MyCommentsTableViewCell.xib in Resources */ = {isa = PBXBuildFile; fileRef = AFA3CADD1C97F7C90009CE1B /* MyCommentsTableViewCell.xib */; };
		AFA3CAE31C98073E0009CE1B /* MessageCenterViewController.m in Sources */ = {isa = PBXBuildFile; fileRef = AFA3CAE11C98073E0009CE1B /* MessageCenterViewController.m */; };
		AFA3CAE41C98073E0009CE1B /* MessageCenterViewController.xib in Resources */ = {isa = PBXBuildFile; fileRef = AFA3CAE21C98073E0009CE1B /* MessageCenterViewController.xib */; };
		AFA3CAE91C980C7A0009CE1B /* MessageCenterTableViewCell.m in Sources */ = {isa = PBXBuildFile; fileRef = AFA3CAE71C980C7A0009CE1B /* MessageCenterTableViewCell.m */; };
		AFA3CAEA1C980C7A0009CE1B /* MessageCenterTableViewCell.xib in Resources */ = {isa = PBXBuildFile; fileRef = AFA3CAE81C980C7A0009CE1B /* MessageCenterTableViewCell.xib */; };
		AFAA3E8F1C96C3730096E650 /* UploadBookTableViewCell.m in Sources */ = {isa = PBXBuildFile; fileRef = AFAA3E8D1C96C3730096E650 /* UploadBookTableViewCell.m */; };
		AFAA3E901C96C3730096E650 /* UploadBookTableViewCell.xib in Resources */ = {isa = PBXBuildFile; fileRef = AFAA3E8E1C96C3730096E650 /* UploadBookTableViewCell.xib */; };
		AFC163D11C8441D9002E4F3B /* MTFCollectionViewCell.m in Sources */ = {isa = PBXBuildFile; fileRef = AFC163CF1C8441D9002E4F3B /* MTFCollectionViewCell.m */; };
		AFC163D21C8441D9002E4F3B /* MTFCollectionViewCell.xib in Resources */ = {isa = PBXBuildFile; fileRef = AFC163D01C8441D9002E4F3B /* MTFCollectionViewCell.xib */; };
		AFC163D71C85948E002E4F3B /* SigninViewController.m in Sources */ = {isa = PBXBuildFile; fileRef = AFC163D51C85948E002E4F3B /* SigninViewController.m */; };
		AFC163D81C85948E002E4F3B /* SigninViewController.xib in Resources */ = {isa = PBXBuildFile; fileRef = AFC163D61C85948E002E4F3B /* SigninViewController.xib */; };
		C639B2A4C7B40B52611F1297 /* libPods.a in Frameworks */ = {isa = PBXBuildFile; fileRef = 3D770E2A82A056E7D0FD5E25 /* libPods.a */; };
		E31CF9861C9063EE001C91A9 /* UploadBookViewController.m in Sources */ = {isa = PBXBuildFile; fileRef = E31CF9841C9063EE001C91A9 /* UploadBookViewController.m */; };
		E31CF9871C9063EE001C91A9 /* UploadBookViewController.xib in Resources */ = {isa = PBXBuildFile; fileRef = E31CF9851C9063EE001C91A9 /* UploadBookViewController.xib */; };
		E31CF98B1C906734001C91A9 /* MyCommentsViewController.m in Sources */ = {isa = PBXBuildFile; fileRef = E31CF9891C906734001C91A9 /* MyCommentsViewController.m */; };
		E31CF98C1C906734001C91A9 /* MyCommentsViewController.xib in Resources */ = {isa = PBXBuildFile; fileRef = E31CF98A1C906734001C91A9 /* MyCommentsViewController.xib */; };
		E31CF9901C90675D001C91A9 /* BookFriendViewController.m in Sources */ = {isa = PBXBuildFile; fileRef = E31CF98E1C90675D001C91A9 /* BookFriendViewController.m */; };
		E31CF9911C90675D001C91A9 /* BookFriendViewController.xib in Resources */ = {isa = PBXBuildFile; fileRef = E31CF98F1C90675D001C91A9 /* BookFriendViewController.xib */; };
		E31CF9961C906957001C91A9 /* BookFriendTableViewCell.m in Sources */ = {isa = PBXBuildFile; fileRef = E31CF9941C906957001C91A9 /* BookFriendTableViewCell.m */; };
		E31CF9971C906957001C91A9 /* BookFriendTableViewCell.xib in Resources */ = {isa = PBXBuildFile; fileRef = E31CF9951C906957001C91A9 /* BookFriendTableViewCell.xib */; };
		E31CF99C1C907A25001C91A9 /* ManagementTableViewCell.m in Sources */ = {isa = PBXBuildFile; fileRef = E31CF99A1C907A25001C91A9 /* ManagementTableViewCell.m */; };
		E31CF99D1C907A25001C91A9 /* ManagementTableViewCell.xib in Resources */ = {isa = PBXBuildFile; fileRef = E31CF99B1C907A25001C91A9 /* ManagementTableViewCell.xib */; };
		E3310A4A1C81FB8900D629F8 /* main.m in Sources */ = {isa = PBXBuildFile; fileRef = E3310A491C81FB8900D629F8 /* main.m */; };
		E3310A4D1C81FB8900D629F8 /* AppDelegate.m in Sources */ = {isa = PBXBuildFile; fileRef = E3310A4C1C81FB8900D629F8 /* AppDelegate.m */; };
		E3310A501C81FB8900D629F8 /* ReadViewController.m in Sources */ = {isa = PBXBuildFile; fileRef = E3310A4F1C81FB8900D629F8 /* ReadViewController.m */; };
		E3310A531C81FB8900D629F8 /* CoursewareViewController.m in Sources */ = {isa = PBXBuildFile; fileRef = E3310A521C81FB8900D629F8 /* CoursewareViewController.m */; };
		E3310A561C81FB8900D629F8 /* Main.storyboard in Resources */ = {isa = PBXBuildFile; fileRef = E3310A541C81FB8900D629F8 /* Main.storyboard */; };
		E3310A581C81FB8900D629F8 /* Assets.xcassets in Resources */ = {isa = PBXBuildFile; fileRef = E3310A571C81FB8900D629F8 /* Assets.xcassets */; };
		E3310A5B1C81FB8900D629F8 /* LaunchScreen.storyboard in Resources */ = {isa = PBXBuildFile; fileRef = E3310A591C81FB8900D629F8 /* LaunchScreen.storyboard */; };
		E3310A661C81FB8900D629F8 /* ICloudBook_iosTests.m in Sources */ = {isa = PBXBuildFile; fileRef = E3310A651C81FB8900D629F8 /* ICloudBook_iosTests.m */; };
		E3310A711C81FB8900D629F8 /* ICloudBook_iosUITests.m in Sources */ = {isa = PBXBuildFile; fileRef = E3310A701C81FB8900D629F8 /* ICloudBook_iosUITests.m */; };
		E3310A851C8201BA00D629F8 /* ManagementViewController.m in Sources */ = {isa = PBXBuildFile; fileRef = E3310A841C8201BA00D629F8 /* ManagementViewController.m */; };
		E3310A881C8201C700D629F8 /* PersonalViewController.m in Sources */ = {isa = PBXBuildFile; fileRef = E3310A871C8201C700D629F8 /* PersonalViewController.m */; };
		E37A68801C8AC4EE0013395E /* ModifyNicknameViewController.m in Sources */ = {isa = PBXBuildFile; fileRef = E37A687E1C8AC4EE0013395E /* ModifyNicknameViewController.m */; };
		E37A68811C8AC4EE0013395E /* ModifyNicknameViewController.xib in Resources */ = {isa = PBXBuildFile; fileRef = E37A687F1C8AC4EE0013395E /* ModifyNicknameViewController.xib */; };
/* End PBXBuildFile section */

/* Begin PBXContainerItemProxy section */
		E3310A621C81FB8900D629F8 /* PBXContainerItemProxy */ = {
			isa = PBXContainerItemProxy;
			containerPortal = E3310A3D1C81FB8900D629F8 /* Project object */;
			proxyType = 1;
			remoteGlobalIDString = E3310A441C81FB8900D629F8;
			remoteInfo = ICloudBook_ios;
		};
		E3310A6D1C81FB8900D629F8 /* PBXContainerItemProxy */ = {
			isa = PBXContainerItemProxy;
			containerPortal = E3310A3D1C81FB8900D629F8 /* Project object */;
			proxyType = 1;
			remoteGlobalIDString = E3310A441C81FB8900D629F8;
			remoteInfo = ICloudBook_ios;
		};
/* End PBXContainerItemProxy section */

/* Begin PBXFileReference section */
		3D770E2A82A056E7D0FD5E25 /* libPods.a */ = {isa = PBXFileReference; explicitFileType = archive.ar; includeInIndex = 0; path = libPods.a; sourceTree = BUILT_PRODUCTS_DIR; };
		5CC27450C18B072C7B3BFC51 /* Pods.release.xcconfig */ = {isa = PBXFileReference; includeInIndex = 1; lastKnownFileType = text.xcconfig; name = Pods.release.xcconfig; path = "Pods/Target Support Files/Pods/Pods.release.xcconfig"; sourceTree = "<group>"; };
		AF123DB41C8D5C7900B2F660 /* ModifyPwdViewController.h */ = {isa = PBXFileReference; fileEncoding = 4; lastKnownFileType = sourcecode.c.h; path = ModifyPwdViewController.h; sourceTree = "<group>"; };
		AF123DB51C8D5C7900B2F660 /* ModifyPwdViewController.m */ = {isa = PBXFileReference; fileEncoding = 4; lastKnownFileType = sourcecode.c.objc; path = ModifyPwdViewController.m; sourceTree = "<group>"; };
		AF123DB61C8D5C7900B2F660 /* ModifyPwdViewController.xib */ = {isa = PBXFileReference; fileEncoding = 4; lastKnownFileType = file.xib; path = ModifyPwdViewController.xib; sourceTree = "<group>"; };
		AF123DB91C8D69FA00B2F660 /* ModifyIntroViewController.h */ = {isa = PBXFileReference; fileEncoding = 4; lastKnownFileType = sourcecode.c.h; path = ModifyIntroViewController.h; sourceTree = "<group>"; };
		AF123DBA1C8D69FA00B2F660 /* ModifyIntroViewController.m */ = {isa = PBXFileReference; fileEncoding = 4; lastKnownFileType = sourcecode.c.objc; path = ModifyIntroViewController.m; sourceTree = "<group>"; };
		AF123DBB1C8D69FA00B2F660 /* ModifyIntroViewController.xib */ = {isa = PBXFileReference; fileEncoding = 4; lastKnownFileType = file.xib; path = ModifyIntroViewController.xib; sourceTree = "<group>"; };
		AF123DBE1C8D771B00B2F660 /* ModifyMottoViewController.h */ = {isa = PBXFileReference; fileEncoding = 4; lastKnownFileType = sourcecode.c.h; path = ModifyMottoViewController.h; sourceTree = "<group>"; };
		AF123DBF1C8D771B00B2F660 /* ModifyMottoViewController.m */ = {isa = PBXFileReference; fileEncoding = 4; lastKnownFileType = sourcecode.c.objc; path = ModifyMottoViewController.m; sourceTree = "<group>"; };
		AF123DC01C8D771B00B2F660 /* ModifyMottoViewController.xib */ = {isa = PBXFileReference; fileEncoding = 4; lastKnownFileType = file.xib; path = ModifyMottoViewController.xib; sourceTree = "<group>"; };
		AF123DC31C8D79F400B2F660 /* ModifyPhoneViewController.h */ = {isa = PBXFileReference; fileEncoding = 4; lastKnownFileType = sourcecode.c.h; path = ModifyPhoneViewController.h; sourceTree = "<group>"; };
		AF123DC41C8D79F400B2F660 /* ModifyPhoneViewController.m */ = {isa = PBXFileReference; fileEncoding = 4; lastKnownFileType = sourcecode.c.objc; path = ModifyPhoneViewController.m; sourceTree = "<group>"; };
		AF123DC51C8D79F400B2F660 /* ModifyPhoneViewController.xib */ = {isa = PBXFileReference; fileEncoding = 4; lastKnownFileType = file.xib; path = ModifyPhoneViewController.xib; sourceTree = "<group>"; };
		AF123DC81C8D7A0300B2F660 /* ModifyEmailViewController.h */ = {isa = PBXFileReference; fileEncoding = 4; lastKnownFileType = sourcecode.c.h; path = ModifyEmailViewController.h; sourceTree = "<group>"; };
		AF123DC91C8D7A0300B2F660 /* ModifyEmailViewController.m */ = {isa = PBXFileReference; fileEncoding = 4; lastKnownFileType = sourcecode.c.objc; path = ModifyEmailViewController.m; sourceTree = "<group>"; };
		AF123DCA1C8D7A0300B2F660 /* ModifyEmailViewController.xib */ = {isa = PBXFileReference; fileEncoding = 4; lastKnownFileType = file.xib; path = ModifyEmailViewController.xib; sourceTree = "<group>"; };
		AF1394CF1C9FE52D00DE2B1C /* Grade.h */ = {isa = PBXFileReference; fileEncoding = 4; lastKnownFileType = sourcecode.c.h; path = Grade.h; sourceTree = "<group>"; };
		AF1394D01C9FE52D00DE2B1C /* Grade.m */ = {isa = PBXFileReference; fileEncoding = 4; lastKnownFileType = sourcecode.c.objc; path = Grade.m; sourceTree = "<group>"; };
		AF1394D21C9FE6BD00DE2B1C /* GradeResp.h */ = {isa = PBXFileReference; fileEncoding = 4; lastKnownFileType = sourcecode.c.h; path = GradeResp.h; sourceTree = "<group>"; };
		AF1394D31C9FE6BD00DE2B1C /* GradeResp.m */ = {isa = PBXFileReference; fileEncoding = 4; lastKnownFileType = sourcecode.c.objc; path = GradeResp.m; sourceTree = "<group>"; };
		AF1394D61C9FEDA100DE2B1C /* MXPullDownMenu.h */ = {isa = PBXFileReference; fileEncoding = 4; lastKnownFileType = sourcecode.c.h; path = MXPullDownMenu.h; sourceTree = "<group>"; };
		AF1394D71C9FEDA100DE2B1C /* MXPullDownMenu.m */ = {isa = PBXFileReference; fileEncoding = 4; lastKnownFileType = sourcecode.c.objc; path = MXPullDownMenu.m; sourceTree = "<group>"; };
		AF64F6BF1C990102000D2A89 /* Http.h */ = {isa = PBXFileReference; lastKnownFileType = sourcecode.c.h; path = Http.h; sourceTree = "<group>"; };
		AF7BC7781C88337200A03787 /* ProfileTableViewCell.h */ = {isa = PBXFileReference; fileEncoding = 4; lastKnownFileType = sourcecode.c.h; path = ProfileTableViewCell.h; sourceTree = "<group>"; };
		AF7BC7791C88337200A03787 /* ProfileTableViewCell.m */ = {isa = PBXFileReference; fileEncoding = 4; lastKnownFileType = sourcecode.c.objc; path = ProfileTableViewCell.m; sourceTree = "<group>"; };
		AF7BC77A1C88337200A03787 /* ProfileTableViewCell.xib */ = {isa = PBXFileReference; fileEncoding = 4; lastKnownFileType = file.xib; path = ProfileTableViewCell.xib; sourceTree = "<group>"; };
		AF7BC77D1C88376A00A03787 /* Profile.plist */ = {isa = PBXFileReference; fileEncoding = 4; lastKnownFileType = text.plist.xml; path = Profile.plist; sourceTree = "<group>"; };
		AF989E0C1C86E1250014BD77 /* WorkManagementViewController.h */ = {isa = PBXFileReference; fileEncoding = 4; lastKnownFileType = sourcecode.c.h; path = WorkManagementViewController.h; sourceTree = "<group>"; };
		AF989E0D1C86E1250014BD77 /* WorkManagementViewController.m */ = {isa = PBXFileReference; fileEncoding = 4; lastKnownFileType = sourcecode.c.objc; path = WorkManagementViewController.m; sourceTree = "<group>"; };
		AF989E0E1C86E1250014BD77 /* WorkManagementViewController.xib */ = {isa = PBXFileReference; fileEncoding = 4; lastKnownFileType = file.xib; path = WorkManagementViewController.xib; sourceTree = "<group>"; };
		AF989E111C86E3340014BD77 /* ProfileViewController.h */ = {isa = PBXFileReference; fileEncoding = 4; lastKnownFileType = sourcecode.c.h; path = ProfileViewController.h; sourceTree = "<group>"; };
		AF989E121C86E3340014BD77 /* ProfileViewController.m */ = {isa = PBXFileReference; fileEncoding = 4; lastKnownFileType = sourcecode.c.objc; path = ProfileViewController.m; sourceTree = "<group>"; };
		AF989E131C86E3340014BD77 /* ProfileViewController.xib */ = {isa = PBXFileReference; fileEncoding = 4; lastKnownFileType = file.xib; path = ProfileViewController.xib; sourceTree = "<group>"; };
		AFA3CADB1C97F7C90009CE1B /* MyCommentsTableViewCell.h */ = {isa = PBXFileReference; fileEncoding = 4; lastKnownFileType = sourcecode.c.h; path = MyCommentsTableViewCell.h; sourceTree = "<group>"; };
		AFA3CADC1C97F7C90009CE1B /* MyCommentsTableViewCell.m */ = {isa = PBXFileReference; fileEncoding = 4; lastKnownFileType = sourcecode.c.objc; path = MyCommentsTableViewCell.m; sourceTree = "<group>"; };
		AFA3CADD1C97F7C90009CE1B /* MyCommentsTableViewCell.xib */ = {isa = PBXFileReference; fileEncoding = 4; lastKnownFileType = file.xib; path = MyCommentsTableViewCell.xib; sourceTree = "<group>"; };
		AFA3CAE01C98073E0009CE1B /* MessageCenterViewController.h */ = {isa = PBXFileReference; fileEncoding = 4; lastKnownFileType = sourcecode.c.h; path = MessageCenterViewController.h; sourceTree = "<group>"; };
		AFA3CAE11C98073E0009CE1B /* MessageCenterViewController.m */ = {isa = PBXFileReference; fileEncoding = 4; lastKnownFileType = sourcecode.c.objc; path = MessageCenterViewController.m; sourceTree = "<group>"; };
		AFA3CAE21C98073E0009CE1B /* MessageCenterViewController.xib */ = {isa = PBXFileReference; fileEncoding = 4; lastKnownFileType = file.xib; path = MessageCenterViewController.xib; sourceTree = "<group>"; };
		AFA3CAE61C980C7A0009CE1B /* MessageCenterTableViewCell.h */ = {isa = PBXFileReference; fileEncoding = 4; lastKnownFileType = sourcecode.c.h; path = MessageCenterTableViewCell.h; sourceTree = "<group>"; };
		AFA3CAE71C980C7A0009CE1B /* MessageCenterTableViewCell.m */ = {isa = PBXFileReference; fileEncoding = 4; lastKnownFileType = sourcecode.c.objc; path = MessageCenterTableViewCell.m; sourceTree = "<group>"; };
		AFA3CAE81C980C7A0009CE1B /* MessageCenterTableViewCell.xib */ = {isa = PBXFileReference; fileEncoding = 4; lastKnownFileType = file.xib; path = MessageCenterTableViewCell.xib; sourceTree = "<group>"; };
		AFAA3E8C1C96C3730096E650 /* UploadBookTableViewCell.h */ = {isa = PBXFileReference; fileEncoding = 4; lastKnownFileType = sourcecode.c.h; path = UploadBookTableViewCell.h; sourceTree = "<group>"; };
		AFAA3E8D1C96C3730096E650 /* UploadBookTableViewCell.m */ = {isa = PBXFileReference; fileEncoding = 4; lastKnownFileType = sourcecode.c.objc; path = UploadBookTableViewCell.m; sourceTree = "<group>"; };
		AFAA3E8E1C96C3730096E650 /* UploadBookTableViewCell.xib */ = {isa = PBXFileReference; fileEncoding = 4; lastKnownFileType = file.xib; path = UploadBookTableViewCell.xib; sourceTree = "<group>"; };
		AFC163CE1C8441D9002E4F3B /* MTFCollectionViewCell.h */ = {isa = PBXFileReference; fileEncoding = 4; lastKnownFileType = sourcecode.c.h; path = MTFCollectionViewCell.h; sourceTree = "<group>"; };
		AFC163CF1C8441D9002E4F3B /* MTFCollectionViewCell.m */ = {isa = PBXFileReference; fileEncoding = 4; lastKnownFileType = sourcecode.c.objc; path = MTFCollectionViewCell.m; sourceTree = "<group>"; };
		AFC163D01C8441D9002E4F3B /* MTFCollectionViewCell.xib */ = {isa = PBXFileReference; fileEncoding = 4; lastKnownFileType = file.xib; path = MTFCollectionViewCell.xib; sourceTree = "<group>"; };
		AFC163D41C85948E002E4F3B /* SigninViewController.h */ = {isa = PBXFileReference; fileEncoding = 4; lastKnownFileType = sourcecode.c.h; path = SigninViewController.h; sourceTree = "<group>"; };
		AFC163D51C85948E002E4F3B /* SigninViewController.m */ = {isa = PBXFileReference; fileEncoding = 4; lastKnownFileType = sourcecode.c.objc; path = SigninViewController.m; sourceTree = "<group>"; };
		AFC163D61C85948E002E4F3B /* SigninViewController.xib */ = {isa = PBXFileReference; fileEncoding = 4; lastKnownFileType = file.xib; path = SigninViewController.xib; sourceTree = "<group>"; };
		D9A385BE2AE96AB1DDEE65BC /* Pods.debug.xcconfig */ = {isa = PBXFileReference; includeInIndex = 1; lastKnownFileType = text.xcconfig; name = Pods.debug.xcconfig; path = "Pods/Target Support Files/Pods/Pods.debug.xcconfig"; sourceTree = "<group>"; };
		E31CF9831C9063EE001C91A9 /* UploadBookViewController.h */ = {isa = PBXFileReference; fileEncoding = 4; lastKnownFileType = sourcecode.c.h; path = UploadBookViewController.h; sourceTree = "<group>"; };
		E31CF9841C9063EE001C91A9 /* UploadBookViewController.m */ = {isa = PBXFileReference; fileEncoding = 4; lastKnownFileType = sourcecode.c.objc; path = UploadBookViewController.m; sourceTree = "<group>"; };
		E31CF9851C9063EE001C91A9 /* UploadBookViewController.xib */ = {isa = PBXFileReference; fileEncoding = 4; lastKnownFileType = file.xib; path = UploadBookViewController.xib; sourceTree = "<group>"; };
		E31CF9881C906734001C91A9 /* MyCommentsViewController.h */ = {isa = PBXFileReference; fileEncoding = 4; lastKnownFileType = sourcecode.c.h; path = MyCommentsViewController.h; sourceTree = "<group>"; };
		E31CF9891C906734001C91A9 /* MyCommentsViewController.m */ = {isa = PBXFileReference; fileEncoding = 4; lastKnownFileType = sourcecode.c.objc; path = MyCommentsViewController.m; sourceTree = "<group>"; };
		E31CF98A1C906734001C91A9 /* MyCommentsViewController.xib */ = {isa = PBXFileReference; fileEncoding = 4; lastKnownFileType = file.xib; path = MyCommentsViewController.xib; sourceTree = "<group>"; };
		E31CF98D1C90675D001C91A9 /* BookFriendViewController.h */ = {isa = PBXFileReference; fileEncoding = 4; lastKnownFileType = sourcecode.c.h; path = BookFriendViewController.h; sourceTree = "<group>"; };
		E31CF98E1C90675D001C91A9 /* BookFriendViewController.m */ = {isa = PBXFileReference; fileEncoding = 4; lastKnownFileType = sourcecode.c.objc; path = BookFriendViewController.m; sourceTree = "<group>"; };
		E31CF98F1C90675D001C91A9 /* BookFriendViewController.xib */ = {isa = PBXFileReference; fileEncoding = 4; lastKnownFileType = file.xib; path = BookFriendViewController.xib; sourceTree = "<group>"; };
		E31CF9931C906957001C91A9 /* BookFriendTableViewCell.h */ = {isa = PBXFileReference; fileEncoding = 4; lastKnownFileType = sourcecode.c.h; path = BookFriendTableViewCell.h; sourceTree = "<group>"; };
		E31CF9941C906957001C91A9 /* BookFriendTableViewCell.m */ = {isa = PBXFileReference; fileEncoding = 4; lastKnownFileType = sourcecode.c.objc; path = BookFriendTableViewCell.m; sourceTree = "<group>"; };
		E31CF9951C906957001C91A9 /* BookFriendTableViewCell.xib */ = {isa = PBXFileReference; fileEncoding = 4; lastKnownFileType = file.xib; path = BookFriendTableViewCell.xib; sourceTree = "<group>"; };
		E31CF9991C907A25001C91A9 /* ManagementTableViewCell.h */ = {isa = PBXFileReference; fileEncoding = 4; lastKnownFileType = sourcecode.c.h; path = ManagementTableViewCell.h; sourceTree = "<group>"; };
		E31CF99A1C907A25001C91A9 /* ManagementTableViewCell.m */ = {isa = PBXFileReference; fileEncoding = 4; lastKnownFileType = sourcecode.c.objc; path = ManagementTableViewCell.m; sourceTree = "<group>"; };
		E31CF99B1C907A25001C91A9 /* ManagementTableViewCell.xib */ = {isa = PBXFileReference; fileEncoding = 4; lastKnownFileType = file.xib; path = ManagementTableViewCell.xib; sourceTree = "<group>"; };
		E3310A451C81FB8900D629F8 /* ICloudBook_ios.app */ = {isa = PBXFileReference; explicitFileType = wrapper.application; includeInIndex = 0; path = ICloudBook_ios.app; sourceTree = BUILT_PRODUCTS_DIR; };
		E3310A491C81FB8900D629F8 /* main.m */ = {isa = PBXFileReference; lastKnownFileType = sourcecode.c.objc; path = main.m; sourceTree = "<group>"; };
		E3310A4B1C81FB8900D629F8 /* AppDelegate.h */ = {isa = PBXFileReference; lastKnownFileType = sourcecode.c.h; path = AppDelegate.h; sourceTree = "<group>"; };
		E3310A4C1C81FB8900D629F8 /* AppDelegate.m */ = {isa = PBXFileReference; lastKnownFileType = sourcecode.c.objc; path = AppDelegate.m; sourceTree = "<group>"; };
		E3310A4E1C81FB8900D629F8 /* ReadViewController.h */ = {isa = PBXFileReference; lastKnownFileType = sourcecode.c.h; path = ReadViewController.h; sourceTree = "<group>"; };
		E3310A4F1C81FB8900D629F8 /* ReadViewController.m */ = {isa = PBXFileReference; lastKnownFileType = sourcecode.c.objc; path = ReadViewController.m; sourceTree = "<group>"; };
		E3310A511C81FB8900D629F8 /* CoursewareViewController.h */ = {isa = PBXFileReference; lastKnownFileType = sourcecode.c.h; path = CoursewareViewController.h; sourceTree = "<group>"; };
		E3310A521C81FB8900D629F8 /* CoursewareViewController.m */ = {isa = PBXFileReference; lastKnownFileType = sourcecode.c.objc; path = CoursewareViewController.m; sourceTree = "<group>"; };
		E3310A551C81FB8900D629F8 /* Base */ = {isa = PBXFileReference; lastKnownFileType = file.storyboard; name = Base; path = Base.lproj/Main.storyboard; sourceTree = "<group>"; };
		E3310A571C81FB8900D629F8 /* Assets.xcassets */ = {isa = PBXFileReference; lastKnownFileType = folder.assetcatalog; path = Assets.xcassets; sourceTree = "<group>"; };
		E3310A5A1C81FB8900D629F8 /* Base */ = {isa = PBXFileReference; lastKnownFileType = file.storyboard; name = Base; path = Base.lproj/LaunchScreen.storyboard; sourceTree = "<group>"; };
		E3310A5C1C81FB8900D629F8 /* Info.plist */ = {isa = PBXFileReference; lastKnownFileType = text.plist.xml; path = Info.plist; sourceTree = "<group>"; };
		E3310A611C81FB8900D629F8 /* ICloudBook_iosTests.xctest */ = {isa = PBXFileReference; explicitFileType = wrapper.cfbundle; includeInIndex = 0; path = ICloudBook_iosTests.xctest; sourceTree = BUILT_PRODUCTS_DIR; };
		E3310A651C81FB8900D629F8 /* ICloudBook_iosTests.m */ = {isa = PBXFileReference; lastKnownFileType = sourcecode.c.objc; path = ICloudBook_iosTests.m; sourceTree = "<group>"; };
		E3310A671C81FB8900D629F8 /* Info.plist */ = {isa = PBXFileReference; lastKnownFileType = text.plist.xml; path = Info.plist; sourceTree = "<group>"; };
		E3310A6C1C81FB8900D629F8 /* ICloudBook_iosUITests.xctest */ = {isa = PBXFileReference; explicitFileType = wrapper.cfbundle; includeInIndex = 0; path = ICloudBook_iosUITests.xctest; sourceTree = BUILT_PRODUCTS_DIR; };
		E3310A701C81FB8900D629F8 /* ICloudBook_iosUITests.m */ = {isa = PBXFileReference; lastKnownFileType = sourcecode.c.objc; path = ICloudBook_iosUITests.m; sourceTree = "<group>"; };
		E3310A721C81FB8900D629F8 /* Info.plist */ = {isa = PBXFileReference; lastKnownFileType = text.plist.xml; path = Info.plist; sourceTree = "<group>"; };
		E3310A831C8201BA00D629F8 /* ManagementViewController.h */ = {isa = PBXFileReference; fileEncoding = 4; lastKnownFileType = sourcecode.c.h; path = ManagementViewController.h; sourceTree = "<group>"; };
		E3310A841C8201BA00D629F8 /* ManagementViewController.m */ = {isa = PBXFileReference; fileEncoding = 4; lastKnownFileType = sourcecode.c.objc; path = ManagementViewController.m; sourceTree = "<group>"; };
		E3310A861C8201C700D629F8 /* PersonalViewController.h */ = {isa = PBXFileReference; fileEncoding = 4; lastKnownFileType = sourcecode.c.h; path = PersonalViewController.h; sourceTree = "<group>"; };
		E3310A871C8201C700D629F8 /* PersonalViewController.m */ = {isa = PBXFileReference; fileEncoding = 4; lastKnownFileType = sourcecode.c.objc; path = PersonalViewController.m; sourceTree = "<group>"; };
		E37A687D1C8AC4EE0013395E /* ModifyNicknameViewController.h */ = {isa = PBXFileReference; fileEncoding = 4; lastKnownFileType = sourcecode.c.h; path = ModifyNicknameViewController.h; sourceTree = "<group>"; };
		E37A687E1C8AC4EE0013395E /* ModifyNicknameViewController.m */ = {isa = PBXFileReference; fileEncoding = 4; lastKnownFileType = sourcecode.c.objc; path = ModifyNicknameViewController.m; sourceTree = "<group>"; };
		E37A687F1C8AC4EE0013395E /* ModifyNicknameViewController.xib */ = {isa = PBXFileReference; fileEncoding = 4; lastKnownFileType = file.xib; path = ModifyNicknameViewController.xib; sourceTree = "<group>"; };
/* End PBXFileReference section */

/* Begin PBXFrameworksBuildPhase section */
		E3310A421C81FB8900D629F8 /* Frameworks */ = {
			isa = PBXFrameworksBuildPhase;
			buildActionMask = 2147483647;
			files = (
				C639B2A4C7B40B52611F1297 /* libPods.a in Frameworks */,
			);
			runOnlyForDeploymentPostprocessing = 0;
		};
		E3310A5E1C81FB8900D629F8 /* Frameworks */ = {
			isa = PBXFrameworksBuildPhase;
			buildActionMask = 2147483647;
			files = (
			);
			runOnlyForDeploymentPostprocessing = 0;
		};
		E3310A691C81FB8900D629F8 /* Frameworks */ = {
			isa = PBXFrameworksBuildPhase;
			buildActionMask = 2147483647;
			files = (
			);
			runOnlyForDeploymentPostprocessing = 0;
		};
/* End PBXFrameworksBuildPhase section */

/* Begin PBXGroup section */
		AB0BE947A1CEBA67F68C7F0C /* Frameworks */ = {
			isa = PBXGroup;
			children = (
				3D770E2A82A056E7D0FD5E25 /* libPods.a */,
			);
			name = Frameworks;
			sourceTree = "<group>";
		};
		AF0D382B1CA1378500DB6B71 /* utils */ = {
			isa = PBXGroup;
			children = (
			);
			name = utils;
			sourceTree = "<group>";
		};
		AF1394CE1C9FE50600DE2B1C /* entity */ = {
			isa = PBXGroup;
			children = (
				AF1394CF1C9FE52D00DE2B1C /* Grade.h */,
				AF1394D01C9FE52D00DE2B1C /* Grade.m */,
				AF1394D21C9FE6BD00DE2B1C /* GradeResp.h */,
				AF1394D31C9FE6BD00DE2B1C /* GradeResp.m */,
			);
			name = entity;
			sourceTree = "<group>";
		};
		AF1394D51C9FED7900DE2B1C /* widget */ = {
			isa = PBXGroup;
			children = (
				AF1394DA1C9FEE5300DE2B1C /* downmenu */,
				AF1394D91C9FEE4500DE2B1C /* A */,
			);
			name = widget;
			sourceTree = "<group>";
		};
		AF1394D91C9FEE4500DE2B1C /* A */ = {
			isa = PBXGroup;
			children = (
			);
			name = A;
			sourceTree = "<group>";
		};
		AF1394DA1C9FEE5300DE2B1C /* downmenu */ = {
			isa = PBXGroup;
			children = (
				AF1394D61C9FEDA100DE2B1C /* MXPullDownMenu.h */,
				AF1394D71C9FEDA100DE2B1C /* MXPullDownMenu.m */,
			);
			name = downmenu;
			sourceTree = "<group>";
		};
		AF2C898F1C89813F00BD4AC1 /* ModifyNickname */ = {
			isa = PBXGroup;
			children = (
				E37A687D1C8AC4EE0013395E /* ModifyNicknameViewController.h */,
				E37A687E1C8AC4EE0013395E /* ModifyNicknameViewController.m */,
				E37A687F1C8AC4EE0013395E /* ModifyNicknameViewController.xib */,
			);
			name = ModifyNickname;
			sourceTree = "<group>";
		};
		AF2C89901C8981B000BD4AC1 /* ModifyGender */ = {
			isa = PBXGroup;
			children = (
			);
			name = ModifyGender;
			sourceTree = "<group>";
		};
		AF2C89911C8981D300BD4AC1 /* ModifyBirthday */ = {
			isa = PBXGroup;
			children = (
			);
			name = ModifyBirthday;
			sourceTree = "<group>";
		};
		AF2C89921C8981E100BD4AC1 /* ModifyClasses */ = {
			isa = PBXGroup;
			children = (
			);
			name = ModifyClasses;
			sourceTree = "<group>";
		};
		AF2C89931C8981EB00BD4AC1 /* ModifyPhone */ = {
			isa = PBXGroup;
			children = (
				AF123DC31C8D79F400B2F660 /* ModifyPhoneViewController.h */,
				AF123DC41C8D79F400B2F660 /* ModifyPhoneViewController.m */,
				AF123DC51C8D79F400B2F660 /* ModifyPhoneViewController.xib */,
			);
			name = ModifyPhone;
			sourceTree = "<group>";
		};
		AF2C89941C8981F800BD4AC1 /* ModifyMail */ = {
			isa = PBXGroup;
			children = (
				AF123DC81C8D7A0300B2F660 /* ModifyEmailViewController.h */,
				AF123DC91C8D7A0300B2F660 /* ModifyEmailViewController.m */,
				AF123DCA1C8D7A0300B2F660 /* ModifyEmailViewController.xib */,
			);
			name = ModifyMail;
			sourceTree = "<group>";
		};
		AF2C89951C89820900BD4AC1 /* ModifyPassword */ = {
			isa = PBXGroup;
			children = (
				AF123DB41C8D5C7900B2F660 /* ModifyPwdViewController.h */,
				AF123DB51C8D5C7900B2F660 /* ModifyPwdViewController.m */,
				AF123DB61C8D5C7900B2F660 /* ModifyPwdViewController.xib */,
			);
			name = ModifyPassword;
			sourceTree = "<group>";
		};
		AF2C89961C89821200BD4AC1 /* ModifyMotto */ = {
			isa = PBXGroup;
			children = (
				AF123DBE1C8D771B00B2F660 /* ModifyMottoViewController.h */,
				AF123DBF1C8D771B00B2F660 /* ModifyMottoViewController.m */,
				AF123DC01C8D771B00B2F660 /* ModifyMottoViewController.xib */,
			);
			name = ModifyMotto;
			sourceTree = "<group>";
		};
		AF2C89971C89826E00BD4AC1 /* ModifyIntroduction */ = {
			isa = PBXGroup;
			children = (
				AF123DB91C8D69FA00B2F660 /* ModifyIntroViewController.h */,
				AF123DBA1C8D69FA00B2F660 /* ModifyIntroViewController.m */,
				AF123DBB1C8D69FA00B2F660 /* ModifyIntroViewController.xib */,
			);
			name = ModifyIntroduction;
			sourceTree = "<group>";
		};
		AF64F6BE1C98FFE6000D2A89 /* Http */ = {
			isa = PBXGroup;
			children = (
				AF64F6BF1C990102000D2A89 /* Http.h */,
			);
			name = Http;
			sourceTree = "<group>";
		};
		AF7BC7771C88334100A03787 /* cell */ = {
			isa = PBXGroup;
			children = (
				AF7BC7781C88337200A03787 /* ProfileTableViewCell.h */,
				AF7BC7791C88337200A03787 /* ProfileTableViewCell.m */,
				AF7BC77A1C88337200A03787 /* ProfileTableViewCell.xib */,
			);
			name = cell;
			sourceTree = "<group>";
		};
		AF989E051C86DD4A0014BD77 /* Profile */ = {
			isa = PBXGroup;
			children = (
				AF2C89971C89826E00BD4AC1 /* ModifyIntroduction */,
				AF2C89961C89821200BD4AC1 /* ModifyMotto */,
				AF2C89951C89820900BD4AC1 /* ModifyPassword */,
				AF2C89941C8981F800BD4AC1 /* ModifyMail */,
				AF2C89931C8981EB00BD4AC1 /* ModifyPhone */,
				AF2C89921C8981E100BD4AC1 /* ModifyClasses */,
				AF2C89911C8981D300BD4AC1 /* ModifyBirthday */,
				AF2C89901C8981B000BD4AC1 /* ModifyGender */,
				AF2C898F1C89813F00BD4AC1 /* ModifyNickname */,
				AF7BC7771C88334100A03787 /* cell */,
				AF989E111C86E3340014BD77 /* ProfileViewController.h */,
				AF989E121C86E3340014BD77 /* ProfileViewController.m */,
				AF989E131C86E3340014BD77 /* ProfileViewController.xib */,
				AF7BC77D1C88376A00A03787 /* Profile.plist */,
			);
			name = Profile;
			sourceTree = "<group>";
		};
		AF989E061C86DDE20014BD77 /* WorkManagement */ = {
			isa = PBXGroup;
			children = (
				E31CF9981C907A02001C91A9 /* cell */,
				AF989E0C1C86E1250014BD77 /* WorkManagementViewController.h */,
				AF989E0D1C86E1250014BD77 /* WorkManagementViewController.m */,
				AF989E0E1C86E1250014BD77 /* WorkManagementViewController.xib */,
			);
			name = WorkManagement;
			sourceTree = "<group>";
		};
		AF989E071C86DE8A0014BD77 /* MyComments */ = {
			isa = PBXGroup;
			children = (
				AFA3CADA1C97F7A70009CE1B /* cell */,
				E31CF9881C906734001C91A9 /* MyCommentsViewController.h */,
				E31CF9891C906734001C91A9 /* MyCommentsViewController.m */,
				E31CF98A1C906734001C91A9 /* MyCommentsViewController.xib */,
			);
			name = MyComments;
			sourceTree = "<group>";
		};
		AF989E081C86DE940014BD77 /* UploadBook */ = {
			isa = PBXGroup;
			children = (
				AFAA3E8B1C96C34B0096E650 /* cell */,
				E31CF9831C9063EE001C91A9 /* UploadBookViewController.h */,
				E31CF9841C9063EE001C91A9 /* UploadBookViewController.m */,
				E31CF9851C9063EE001C91A9 /* UploadBookViewController.xib */,
			);
			name = UploadBook;
			sourceTree = "<group>";
		};
		AF989E091C86DEA60014BD77 /* MessageCenter */ = {
			isa = PBXGroup;
			children = (
				AFA3CAE51C980C550009CE1B /* cell */,
				AFA3CAE01C98073E0009CE1B /* MessageCenterViewController.h */,
				AFA3CAE11C98073E0009CE1B /* MessageCenterViewController.m */,
				AFA3CAE21C98073E0009CE1B /* MessageCenterViewController.xib */,
			);
			name = MessageCenter;
			sourceTree = "<group>";
		};
		AF989E0A1C86DEAD0014BD77 /* BookFriend */ = {
			isa = PBXGroup;
			children = (
				E31CF9921C906935001C91A9 /* cell */,
				E31CF98D1C90675D001C91A9 /* BookFriendViewController.h */,
				E31CF98E1C90675D001C91A9 /* BookFriendViewController.m */,
				E31CF98F1C90675D001C91A9 /* BookFriendViewController.xib */,
			);
			name = BookFriend;
			sourceTree = "<group>";
		};
		AF989E0B1C86DEFD0014BD77 /* MyNote */ = {
			isa = PBXGroup;
			children = (
			);
			name = MyNote;
			sourceTree = "<group>";
		};
		AFA3CADA1C97F7A70009CE1B /* cell */ = {
			isa = PBXGroup;
			children = (
				AFA3CADB1C97F7C90009CE1B /* MyCommentsTableViewCell.h */,
				AFA3CADC1C97F7C90009CE1B /* MyCommentsTableViewCell.m */,
				AFA3CADD1C97F7C90009CE1B /* MyCommentsTableViewCell.xib */,
			);
			name = cell;
			sourceTree = "<group>";
		};
		AFA3CAE51C980C550009CE1B /* cell */ = {
			isa = PBXGroup;
			children = (
				AFA3CAE61C980C7A0009CE1B /* MessageCenterTableViewCell.h */,
				AFA3CAE71C980C7A0009CE1B /* MessageCenterTableViewCell.m */,
				AFA3CAE81C980C7A0009CE1B /* MessageCenterTableViewCell.xib */,
			);
			name = cell;
			sourceTree = "<group>";
		};
		AFAA3E8B1C96C34B0096E650 /* cell */ = {
			isa = PBXGroup;
			children = (
				AFAA3E8C1C96C3730096E650 /* UploadBookTableViewCell.h */,
				AFAA3E8D1C96C3730096E650 /* UploadBookTableViewCell.m */,
				AFAA3E8E1C96C3730096E650 /* UploadBookTableViewCell.xib */,
			);
			name = cell;
			sourceTree = "<group>";
		};
		AFC163CD1C844199002E4F3B /* custom */ = {
			isa = PBXGroup;
			children = (
				AFC163CE1C8441D9002E4F3B /* MTFCollectionViewCell.h */,
				AFC163CF1C8441D9002E4F3B /* MTFCollectionViewCell.m */,
				AFC163D01C8441D9002E4F3B /* MTFCollectionViewCell.xib */,
			);
			name = custom;
			sourceTree = "<group>";
		};
		AFC163D31C859448002E4F3B /* Login */ = {
			isa = PBXGroup;
			children = (
				AFC163D41C85948E002E4F3B /* SigninViewController.h */,
				AFC163D51C85948E002E4F3B /* SigninViewController.m */,
				AFC163D61C85948E002E4F3B /* SigninViewController.xib */,
			);
			name = Login;
			sourceTree = "<group>";
		};
		E31CF9921C906935001C91A9 /* cell */ = {
			isa = PBXGroup;
			children = (
				E31CF9931C906957001C91A9 /* BookFriendTableViewCell.h */,
				E31CF9941C906957001C91A9 /* BookFriendTableViewCell.m */,
				E31CF9951C906957001C91A9 /* BookFriendTableViewCell.xib */,
			);
			name = cell;
			sourceTree = "<group>";
		};
		E31CF9981C907A02001C91A9 /* cell */ = {
			isa = PBXGroup;
			children = (
				E31CF9991C907A25001C91A9 /* ManagementTableViewCell.h */,
				E31CF99A1C907A25001C91A9 /* ManagementTableViewCell.m */,
				E31CF99B1C907A25001C91A9 /* ManagementTableViewCell.xib */,
			);
			name = cell;
			sourceTree = "<group>";
		};
		E3310A3C1C81FB8900D629F8 = {
			isa = PBXGroup;
			children = (
				E3310A471C81FB8900D629F8 /* ICloudBook_ios */,
				E3310A641C81FB8900D629F8 /* ICloudBook_iosTests */,
				E3310A6F1C81FB8900D629F8 /* ICloudBook_iosUITests */,
				E3310A461C81FB8900D629F8 /* Products */,
				EF4D6113BF84300000E28CC3 /* Pods */,
				AB0BE947A1CEBA67F68C7F0C /* Frameworks */,
			);
			sourceTree = "<group>";
		};
		E3310A461C81FB8900D629F8 /* Products */ = {
			isa = PBXGroup;
			children = (
				E3310A451C81FB8900D629F8 /* ICloudBook_ios.app */,
				E3310A611C81FB8900D629F8 /* ICloudBook_iosTests.xctest */,
				E3310A6C1C81FB8900D629F8 /* ICloudBook_iosUITests.xctest */,
			);
			name = Products;
			sourceTree = "<group>";
		};
		E3310A471C81FB8900D629F8 /* ICloudBook_ios */ = {
			isa = PBXGroup;
			children = (
				AF0D382B1CA1378500DB6B71 /* utils */,
				AF1394D51C9FED7900DE2B1C /* widget */,
				AF1394CE1C9FE50600DE2B1C /* entity */,
				AF64F6BE1C98FFE6000D2A89 /* Http */,
				AFC163D31C859448002E4F3B /* Login */,
				E3C3E95C1C8286E300F233AB /* Other */,
				E3C3E95B1C8286CC00F233AB /* Launch */,
				E3310A7E1C81FD0000D629F8 /* Main */,
				E3310A571C81FB8900D629F8 /* Assets.xcassets */,
				E3310A481C81FB8900D629F8 /* Supporting Files */,
			);
			path = ICloudBook_ios;
			sourceTree = "<group>";
		};
		E3310A481C81FB8900D629F8 /* Supporting Files */ = {
			isa = PBXGroup;
			children = (
				E3310A491C81FB8900D629F8 /* main.m */,
			);
			name = "Supporting Files";
			sourceTree = "<group>";
		};
		E3310A641C81FB8900D629F8 /* ICloudBook_iosTests */ = {
			isa = PBXGroup;
			children = (
				E3310A651C81FB8900D629F8 /* ICloudBook_iosTests.m */,
				E3310A671C81FB8900D629F8 /* Info.plist */,
			);
			path = ICloudBook_iosTests;
			sourceTree = "<group>";
		};
		E3310A6F1C81FB8900D629F8 /* ICloudBook_iosUITests */ = {
			isa = PBXGroup;
			children = (
				E3310A701C81FB8900D629F8 /* ICloudBook_iosUITests.m */,
				E3310A721C81FB8900D629F8 /* Info.plist */,
			);
			path = ICloudBook_iosUITests;
			sourceTree = "<group>";
		};
		E3310A7E1C81FD0000D629F8 /* Main */ = {
			isa = PBXGroup;
			children = (
				E3310A541C81FB8900D629F8 /* Main.storyboard */,
				E3310A821C82019A00D629F8 /* Personal */,
				E3310A811C82019100D629F8 /* Management */,
				E3310A801C82017A00D629F8 /* Courseware */,
				E3310A7F1C82016C00D629F8 /* Read */,
			);
			name = Main;
			sourceTree = "<group>";
		};
		E3310A7F1C82016C00D629F8 /* Read */ = {
			isa = PBXGroup;
			children = (
				AFC163CD1C844199002E4F3B /* custom */,
				E3310A4E1C81FB8900D629F8 /* ReadViewController.h */,
				E3310A4F1C81FB8900D629F8 /* ReadViewController.m */,
			);
			name = Read;
			sourceTree = "<group>";
		};
		E3310A801C82017A00D629F8 /* Courseware */ = {
			isa = PBXGroup;
			children = (
				E3310A511C81FB8900D629F8 /* CoursewareViewController.h */,
				E3310A521C81FB8900D629F8 /* CoursewareViewController.m */,
			);
			name = Courseware;
			sourceTree = "<group>";
		};
		E3310A811C82019100D629F8 /* Management */ = {
			isa = PBXGroup;
			children = (
				E3310A831C8201BA00D629F8 /* ManagementViewController.h */,
				E3310A841C8201BA00D629F8 /* ManagementViewController.m */,
			);
			name = Management;
			sourceTree = "<group>";
		};
		E3310A821C82019A00D629F8 /* Personal */ = {
			isa = PBXGroup;
			children = (
				AF989E0B1C86DEFD0014BD77 /* MyNote */,
				AF989E0A1C86DEAD0014BD77 /* BookFriend */,
				AF989E091C86DEA60014BD77 /* MessageCenter */,
				AF989E081C86DE940014BD77 /* UploadBook */,
				AF989E071C86DE8A0014BD77 /* MyComments */,
				AF989E061C86DDE20014BD77 /* WorkManagement */,
				AF989E051C86DD4A0014BD77 /* Profile */,
				E3310A861C8201C700D629F8 /* PersonalViewController.h */,
				E3310A871C8201C700D629F8 /* PersonalViewController.m */,
			);
			name = Personal;
			sourceTree = "<group>";
		};
		E3C3E95B1C8286CC00F233AB /* Launch */ = {
			isa = PBXGroup;
			children = (
				E3310A591C81FB8900D629F8 /* LaunchScreen.storyboard */,
			);
			name = Launch;
			sourceTree = "<group>";
		};
		E3C3E95C1C8286E300F233AB /* Other */ = {
			isa = PBXGroup;
			children = (
				E3310A4B1C81FB8900D629F8 /* AppDelegate.h */,
				E3310A4C1C81FB8900D629F8 /* AppDelegate.m */,
				E3310A5C1C81FB8900D629F8 /* Info.plist */,
			);
			name = Other;
			sourceTree = "<group>";
		};
		EF4D6113BF84300000E28CC3 /* Pods */ = {
			isa = PBXGroup;
			children = (
				D9A385BE2AE96AB1DDEE65BC /* Pods.debug.xcconfig */,
				5CC27450C18B072C7B3BFC51 /* Pods.release.xcconfig */,
			);
			name = Pods;
			sourceTree = "<group>";
		};
/* End PBXGroup section */

/* Begin PBXNativeTarget section */
		E3310A441C81FB8900D629F8 /* ICloudBook_ios */ = {
			isa = PBXNativeTarget;
			buildConfigurationList = E3310A751C81FB8900D629F8 /* Build configuration list for PBXNativeTarget "ICloudBook_ios" */;
			buildPhases = (
				EDF6D7C5B283DDE2A17E40A2 /* Check Pods Manifest.lock */,
				E3310A411C81FB8900D629F8 /* Sources */,
				E3310A421C81FB8900D629F8 /* Frameworks */,
				E3310A431C81FB8900D629F8 /* Resources */,
				F838FF2F231CEC00E3DA37DF /* Embed Pods Frameworks */,
				6CF8429F604A995A6AA7FF02 /* Copy Pods Resources */,
			);
			buildRules = (
			);
			dependencies = (
			);
			name = ICloudBook_ios;
			productName = ICloudBook_ios;
			productReference = E3310A451C81FB8900D629F8 /* ICloudBook_ios.app */;
			productType = "com.apple.product-type.application";
		};
		E3310A601C81FB8900D629F8 /* ICloudBook_iosTests */ = {
			isa = PBXNativeTarget;
			buildConfigurationList = E3310A781C81FB8900D629F8 /* Build configuration list for PBXNativeTarget "ICloudBook_iosTests" */;
			buildPhases = (
				E3310A5D1C81FB8900D629F8 /* Sources */,
				E3310A5E1C81FB8900D629F8 /* Frameworks */,
				E3310A5F1C81FB8900D629F8 /* Resources */,
			);
			buildRules = (
			);
			dependencies = (
				E3310A631C81FB8900D629F8 /* PBXTargetDependency */,
			);
			name = ICloudBook_iosTests;
			productName = ICloudBook_iosTests;
			productReference = E3310A611C81FB8900D629F8 /* ICloudBook_iosTests.xctest */;
			productType = "com.apple.product-type.bundle.unit-test";
		};
		E3310A6B1C81FB8900D629F8 /* ICloudBook_iosUITests */ = {
			isa = PBXNativeTarget;
			buildConfigurationList = E3310A7B1C81FB8900D629F8 /* Build configuration list for PBXNativeTarget "ICloudBook_iosUITests" */;
			buildPhases = (
				E3310A681C81FB8900D629F8 /* Sources */,
				E3310A691C81FB8900D629F8 /* Frameworks */,
				E3310A6A1C81FB8900D629F8 /* Resources */,
			);
			buildRules = (
			);
			dependencies = (
				E3310A6E1C81FB8900D629F8 /* PBXTargetDependency */,
			);
			name = ICloudBook_iosUITests;
			productName = ICloudBook_iosUITests;
			productReference = E3310A6C1C81FB8900D629F8 /* ICloudBook_iosUITests.xctest */;
			productType = "com.apple.product-type.bundle.ui-testing";
		};
/* End PBXNativeTarget section */

/* Begin PBXProject section */
		E3310A3D1C81FB8900D629F8 /* Project object */ = {
			isa = PBXProject;
			attributes = {
				LastUpgradeCheck = 0720;
				ORGANIZATIONNAME = MasterFan;
				TargetAttributes = {
					E3310A441C81FB8900D629F8 = {
						CreatedOnToolsVersion = 7.2;
						DevelopmentTeam = 46V627742S;
					};
					E3310A601C81FB8900D629F8 = {
						CreatedOnToolsVersion = 7.2;
						DevelopmentTeam = 46V627742S;
						TestTargetID = E3310A441C81FB8900D629F8;
					};
					E3310A6B1C81FB8900D629F8 = {
						CreatedOnToolsVersion = 7.2;
						DevelopmentTeam = 46V627742S;
						TestTargetID = E3310A441C81FB8900D629F8;
					};
				};
			};
			buildConfigurationList = E3310A401C81FB8900D629F8 /* Build configuration list for PBXProject "ICloudBook_ios" */;
			compatibilityVersion = "Xcode 3.2";
			developmentRegion = English;
			hasScannedForEncodings = 0;
			knownRegions = (
				en,
				Base,
			);
			mainGroup = E3310A3C1C81FB8900D629F8;
			productRefGroup = E3310A461C81FB8900D629F8 /* Products */;
			projectDirPath = "";
			projectRoot = "";
			targets = (
				E3310A441C81FB8900D629F8 /* ICloudBook_ios */,
				E3310A601C81FB8900D629F8 /* ICloudBook_iosTests */,
				E3310A6B1C81FB8900D629F8 /* ICloudBook_iosUITests */,
			);
		};
/* End PBXProject section */

/* Begin PBXResourcesBuildPhase section */
		E3310A431C81FB8900D629F8 /* Resources */ = {
			isa = PBXResourcesBuildPhase;
			buildActionMask = 2147483647;
			files = (
				E37A68811C8AC4EE0013395E /* ModifyNicknameViewController.xib in Resources */,
				E31CF9971C906957001C91A9 /* BookFriendTableViewCell.xib in Resources */,
				AF123DC71C8D79F400B2F660 /* ModifyPhoneViewController.xib in Resources */,
				AF989E151C86E3340014BD77 /* ProfileViewController.xib in Resources */,
				E31CF99D1C907A25001C91A9 /* ManagementTableViewCell.xib in Resources */,
				AF7BC77E1C88376A00A03787 /* Profile.plist in Resources */,
				AF123DB81C8D5C7900B2F660 /* ModifyPwdViewController.xib in Resources */,
				AFAA3E901C96C3730096E650 /* UploadBookTableViewCell.xib in Resources */,
				AF989E101C86E1250014BD77 /* WorkManagementViewController.xib in Resources */,
				AF123DBD1C8D69FA00B2F660 /* ModifyIntroViewController.xib in Resources */,
				E3310A5B1C81FB8900D629F8 /* LaunchScreen.storyboard in Resources */,
				AF123DCC1C8D7A0300B2F660 /* ModifyEmailViewController.xib in Resources */,
				AFC163D81C85948E002E4F3B /* SigninViewController.xib in Resources */,
				E3310A581C81FB8900D629F8 /* Assets.xcassets in Resources */,
				AF7BC77C1C88337200A03787 /* ProfileTableViewCell.xib in Resources */,
				AFA3CADF1C97F7C90009CE1B /* MyCommentsTableViewCell.xib in Resources */,
				AFA3CAEA1C980C7A0009CE1B /* MessageCenterTableViewCell.xib in Resources */,
				E31CF9871C9063EE001C91A9 /* UploadBookViewController.xib in Resources */,
				AFA3CAE41C98073E0009CE1B /* MessageCenterViewController.xib in Resources */,
				E3310A561C81FB8900D629F8 /* Main.storyboard in Resources */,
				AF123DC21C8D771B00B2F660 /* ModifyMottoViewController.xib in Resources */,
				E31CF98C1C906734001C91A9 /* MyCommentsViewController.xib in Resources */,
				AFC163D21C8441D9002E4F3B /* MTFCollectionViewCell.xib in Resources */,
				E31CF9911C90675D001C91A9 /* BookFriendViewController.xib in Resources */,
			);
			runOnlyForDeploymentPostprocessing = 0;
		};
		E3310A5F1C81FB8900D629F8 /* Resources */ = {
			isa = PBXResourcesBuildPhase;
			buildActionMask = 2147483647;
			files = (
			);
			runOnlyForDeploymentPostprocessing = 0;
		};
		E3310A6A1C81FB8900D629F8 /* Resources */ = {
			isa = PBXResourcesBuildPhase;
			buildActionMask = 2147483647;
			files = (
			);
			runOnlyForDeploymentPostprocessing = 0;
		};
/* End PBXResourcesBuildPhase section */

/* Begin PBXShellScriptBuildPhase section */
		6CF8429F604A995A6AA7FF02 /* Copy Pods Resources */ = {
			isa = PBXShellScriptBuildPhase;
			buildActionMask = 2147483647;
			files = (
			);
			inputPaths = (
			);
			name = "Copy Pods Resources";
			outputPaths = (
			);
			runOnlyForDeploymentPostprocessing = 0;
			shellPath = /bin/sh;
			shellScript = "\"${SRCROOT}/Pods/Target Support Files/Pods/Pods-resources.sh\"\n";
			showEnvVarsInLog = 0;
		};
		EDF6D7C5B283DDE2A17E40A2 /* Check Pods Manifest.lock */ = {
			isa = PBXShellScriptBuildPhase;
			buildActionMask = 2147483647;
			files = (
			);
			inputPaths = (
			);
			name = "Check Pods Manifest.lock";
			outputPaths = (
			);
			runOnlyForDeploymentPostprocessing = 0;
			shellPath = /bin/sh;
			shellScript = "diff \"${PODS_ROOT}/../Podfile.lock\" \"${PODS_ROOT}/Manifest.lock\" > /dev/null\nif [[ $? != 0 ]] ; then\n    cat << EOM\nerror: The sandbox is not in sync with the Podfile.lock. Run 'pod install' or update your CocoaPods installation.\nEOM\n    exit 1\nfi\n";
			showEnvVarsInLog = 0;
		};
		F838FF2F231CEC00E3DA37DF /* Embed Pods Frameworks */ = {
			isa = PBXShellScriptBuildPhase;
			buildActionMask = 2147483647;
			files = (
			);
			inputPaths = (
			);
			name = "Embed Pods Frameworks";
			outputPaths = (
			);
			runOnlyForDeploymentPostprocessing = 0;
			shellPath = /bin/sh;
			shellScript = "\"${SRCROOT}/Pods/Target Support Files/Pods/Pods-frameworks.sh\"\n";
			showEnvVarsInLog = 0;
		};
/* End PBXShellScriptBuildPhase section */

/* Begin PBXSourcesBuildPhase section */
		E3310A411C81FB8900D629F8 /* Sources */ = {
			isa = PBXSourcesBuildPhase;
			buildActionMask = 2147483647;
			files = (
				AFC163D71C85948E002E4F3B /* SigninViewController.m in Sources */,
				E3310A881C8201C700D629F8 /* PersonalViewController.m in Sources */,
				E31CF98B1C906734001C91A9 /* MyCommentsViewController.m in Sources */,
				E3310A531C81FB8900D629F8 /* CoursewareViewController.m in Sources */,
				AF7BC77B1C88337200A03787 /* ProfileTableViewCell.m in Sources */,
				E3310A4D1C81FB8900D629F8 /* AppDelegate.m in Sources */,
				AF989E141C86E3340014BD77 /* ProfileViewController.m in Sources */,
				AF123DB71C8D5C7900B2F660 /* ModifyPwdViewController.m in Sources */,
				AFA3CAE91C980C7A0009CE1B /* MessageCenterTableViewCell.m in Sources */,
				AF123DC61C8D79F400B2F660 /* ModifyPhoneViewController.m in Sources */,
				E3310A501C81FB8900D629F8 /* ReadViewController.m in Sources */,
				AF1394D41C9FE6BD00DE2B1C /* GradeResp.m in Sources */,
				E31CF99C1C907A25001C91A9 /* ManagementTableViewCell.m in Sources */,
				AF123DCB1C8D7A0300B2F660 /* ModifyEmailViewController.m in Sources */,
				AF989E0F1C86E1250014BD77 /* WorkManagementViewController.m in Sources */,
				AF123DC11C8D771B00B2F660 /* ModifyMottoViewController.m in Sources */,
				E31CF9861C9063EE001C91A9 /* UploadBookViewController.m in Sources */,
				AF123DBC1C8D69FA00B2F660 /* ModifyIntroViewController.m in Sources */,
				AF1394D11C9FE52D00DE2B1C /* Grade.m in Sources */,
				E31CF9901C90675D001C91A9 /* BookFriendViewController.m in Sources */,
				AFA3CAE31C98073E0009CE1B /* MessageCenterViewController.m in Sources */,
				E3310A851C8201BA00D629F8 /* ManagementViewController.m in Sources */,
				AFC163D11C8441D9002E4F3B /* MTFCollectionViewCell.m in Sources */,
				AFA3CADE1C97F7C90009CE1B /* MyCommentsTableViewCell.m in Sources */,
				AF1394D81C9FEDA100DE2B1C /* MXPullDownMenu.m in Sources */,
				E37A68801C8AC4EE0013395E /* ModifyNicknameViewController.m in Sources */,
				AFAA3E8F1C96C3730096E650 /* UploadBookTableViewCell.m in Sources */,
				E3310A4A1C81FB8900D629F8 /* main.m in Sources */,
				E31CF9961C906957001C91A9 /* BookFriendTableViewCell.m in Sources */,
			);
			runOnlyForDeploymentPostprocessing = 0;
		};
		E3310A5D1C81FB8900D629F8 /* Sources */ = {
			isa = PBXSourcesBuildPhase;
			buildActionMask = 2147483647;
			files = (
				E3310A661C81FB8900D629F8 /* ICloudBook_iosTests.m in Sources */,
			);
			runOnlyForDeploymentPostprocessing = 0;
		};
		E3310A681C81FB8900D629F8 /* Sources */ = {
			isa = PBXSourcesBuildPhase;
			buildActionMask = 2147483647;
			files = (
				E3310A711C81FB8900D629F8 /* ICloudBook_iosUITests.m in Sources */,
			);
			runOnlyForDeploymentPostprocessing = 0;
		};
/* End PBXSourcesBuildPhase section */

/* Begin PBXTargetDependency section */
		E3310A631C81FB8900D629F8 /* PBXTargetDependency */ = {
			isa = PBXTargetDependency;
			target = E3310A441C81FB8900D629F8 /* ICloudBook_ios */;
			targetProxy = E3310A621C81FB8900D629F8 /* PBXContainerItemProxy */;
		};
		E3310A6E1C81FB8900D629F8 /* PBXTargetDependency */ = {
			isa = PBXTargetDependency;
			target = E3310A441C81FB8900D629F8 /* ICloudBook_ios */;
			targetProxy = E3310A6D1C81FB8900D629F8 /* PBXContainerItemProxy */;
		};
/* End PBXTargetDependency section */

/* Begin PBXVariantGroup section */
		E3310A541C81FB8900D629F8 /* Main.storyboard */ = {
			isa = PBXVariantGroup;
			children = (
				E3310A551C81FB8900D629F8 /* Base */,
			);
			name = Main.storyboard;
			sourceTree = "<group>";
		};
		E3310A591C81FB8900D629F8 /* LaunchScreen.storyboard */ = {
			isa = PBXVariantGroup;
			children = (
				E3310A5A1C81FB8900D629F8 /* Base */,
			);
			name = LaunchScreen.storyboard;
			sourceTree = "<group>";
		};
/* End PBXVariantGroup section */

/* Begin XCBuildConfiguration section */
		E3310A731C81FB8900D629F8 /* Debug */ = {
			isa = XCBuildConfiguration;
			buildSettings = {
				ALWAYS_SEARCH_USER_PATHS = NO;
				CLANG_CXX_LANGUAGE_STANDARD = "gnu++0x";
				CLANG_CXX_LIBRARY = "libc++";
				CLANG_ENABLE_MODULES = YES;
				CLANG_ENABLE_OBJC_ARC = YES;
				CLANG_WARN_BOOL_CONVERSION = YES;
				CLANG_WARN_CONSTANT_CONVERSION = YES;
				CLANG_WARN_DIRECT_OBJC_ISA_USAGE = YES_ERROR;
				CLANG_WARN_EMPTY_BODY = YES;
				CLANG_WARN_ENUM_CONVERSION = YES;
				CLANG_WARN_INT_CONVERSION = YES;
				CLANG_WARN_OBJC_ROOT_CLASS = YES_ERROR;
				CLANG_WARN_UNREACHABLE_CODE = YES;
				CLANG_WARN__DUPLICATE_METHOD_MATCH = YES;
				"CODE_SIGN_IDENTITY[sdk=iphoneos*]" = "iPhone Developer";
				COPY_PHASE_STRIP = NO;
				DEBUG_INFORMATION_FORMAT = dwarf;
				ENABLE_STRICT_OBJC_MSGSEND = YES;
				ENABLE_TESTABILITY = YES;
				GCC_C_LANGUAGE_STANDARD = gnu99;
				GCC_DYNAMIC_NO_PIC = NO;
				GCC_NO_COMMON_BLOCKS = YES;
				GCC_OPTIMIZATION_LEVEL = 0;
				GCC_PREPROCESSOR_DEFINITIONS = (
					"DEBUG=1",
					"$(inherited)",
				);
				GCC_WARN_64_TO_32_BIT_CONVERSION = YES;
				GCC_WARN_ABOUT_RETURN_TYPE = YES_ERROR;
				GCC_WARN_UNDECLARED_SELECTOR = YES;
				GCC_WARN_UNINITIALIZED_AUTOS = YES_AGGRESSIVE;
				GCC_WARN_UNUSED_FUNCTION = YES;
				GCC_WARN_UNUSED_VARIABLE = YES;
				IPHONEOS_DEPLOYMENT_TARGET = 9.2;
				MTL_ENABLE_DEBUG_INFO = YES;
				ONLY_ACTIVE_ARCH = YES;
				SDKROOT = iphoneos;
			};
			name = Debug;
		};
		E3310A741C81FB8900D629F8 /* Release */ = {
			isa = XCBuildConfiguration;
			buildSettings = {
				ALWAYS_SEARCH_USER_PATHS = NO;
				CLANG_CXX_LANGUAGE_STANDARD = "gnu++0x";
				CLANG_CXX_LIBRARY = "libc++";
				CLANG_ENABLE_MODULES = YES;
				CLANG_ENABLE_OBJC_ARC = YES;
				CLANG_WARN_BOOL_CONVERSION = YES;
				CLANG_WARN_CONSTANT_CONVERSION = YES;
				CLANG_WARN_DIRECT_OBJC_ISA_USAGE = YES_ERROR;
				CLANG_WARN_EMPTY_BODY = YES;
				CLANG_WARN_ENUM_CONVERSION = YES;
				CLANG_WARN_INT_CONVERSION = YES;
				CLANG_WARN_OBJC_ROOT_CLASS = YES_ERROR;
				CLANG_WARN_UNREACHABLE_CODE = YES;
				CLANG_WARN__DUPLICATE_METHOD_MATCH = YES;
				"CODE_SIGN_IDENTITY[sdk=iphoneos*]" = "iPhone Developer";
				COPY_PHASE_STRIP = NO;
				DEBUG_INFORMATION_FORMAT = "dwarf-with-dsym";
				ENABLE_NS_ASSERTIONS = NO;
				ENABLE_STRICT_OBJC_MSGSEND = YES;
				GCC_C_LANGUAGE_STANDARD = gnu99;
				GCC_NO_COMMON_BLOCKS = YES;
				GCC_WARN_64_TO_32_BIT_CONVERSION = YES;
				GCC_WARN_ABOUT_RETURN_TYPE = YES_ERROR;
				GCC_WARN_UNDECLARED_SELECTOR = YES;
				GCC_WARN_UNINITIALIZED_AUTOS = YES_AGGRESSIVE;
				GCC_WARN_UNUSED_FUNCTION = YES;
				GCC_WARN_UNUSED_VARIABLE = YES;
				IPHONEOS_DEPLOYMENT_TARGET = 9.2;
				MTL_ENABLE_DEBUG_INFO = NO;
				SDKROOT = iphoneos;
				VALIDATE_PRODUCT = YES;
			};
			name = Release;
		};
		E3310A761C81FB8900D629F8 /* Debug */ = {
			isa = XCBuildConfiguration;
			baseConfigurationReference = D9A385BE2AE96AB1DDEE65BC /* Pods.debug.xcconfig */;
			buildSettings = {
				ASSETCATALOG_COMPILER_APPICON_NAME = AppIcon;
				CODE_SIGN_IDENTITY = "iPhone Developer";
				"CODE_SIGN_IDENTITY[sdk=iphoneos*]" = "iPhone Developer";
				INFOPLIST_FILE = ICloudBook_ios/Info.plist;
				IPHONEOS_DEPLOYMENT_TARGET = 7.0;
				LD_RUNPATH_SEARCH_PATHS = "$(inherited) @executable_path/Frameworks";
				PRODUCT_BUNDLE_IDENTIFIER = "com.masterfan.ICloudBook-ios";
				PRODUCT_NAME = "$(TARGET_NAME)";
				PROVISIONING_PROFILE = "";
			};
			name = Debug;
		};
		E3310A771C81FB8900D629F8 /* Release */ = {
			isa = XCBuildConfiguration;
			baseConfigurationReference = 5CC27450C18B072C7B3BFC51 /* Pods.release.xcconfig */;
			buildSettings = {
				ASSETCATALOG_COMPILER_APPICON_NAME = AppIcon;
				CODE_SIGN_IDENTITY = "iPhone Developer";
				"CODE_SIGN_IDENTITY[sdk=iphoneos*]" = "iPhone Developer";
				INFOPLIST_FILE = ICloudBook_ios/Info.plist;
				IPHONEOS_DEPLOYMENT_TARGET = 7.0;
				LD_RUNPATH_SEARCH_PATHS = "$(inherited) @executable_path/Frameworks";
				PRODUCT_BUNDLE_IDENTIFIER = "com.masterfan.ICloudBook-ios";
				PRODUCT_NAME = "$(TARGET_NAME)";
				PROVISIONING_PROFILE = "";
			};
			name = Release;
		};
		E3310A791C81FB8900D629F8 /* Debug */ = {
			isa = XCBuildConfiguration;
			buildSettings = {
				BUNDLE_LOADER = "$(TEST_HOST)";
				INFOPLIST_FILE = ICloudBook_iosTests/Info.plist;
				LD_RUNPATH_SEARCH_PATHS = "$(inherited) @executable_path/Frameworks @loader_path/Frameworks";
				PRODUCT_BUNDLE_IDENTIFIER = "com.masterfan.ICloudBook-iosTests";
				PRODUCT_NAME = "$(TARGET_NAME)";
				TEST_HOST = "$(BUILT_PRODUCTS_DIR)/ICloudBook_ios.app/ICloudBook_ios";
			};
			name = Debug;
		};
		E3310A7A1C81FB8900D629F8 /* Release */ = {
			isa = XCBuildConfiguration;
			buildSettings = {
				BUNDLE_LOADER = "$(TEST_HOST)";
				INFOPLIST_FILE = ICloudBook_iosTests/Info.plist;
				LD_RUNPATH_SEARCH_PATHS = "$(inherited) @executable_path/Frameworks @loader_path/Frameworks";
				PRODUCT_BUNDLE_IDENTIFIER = "com.masterfan.ICloudBook-iosTests";
				PRODUCT_NAME = "$(TARGET_NAME)";
				TEST_HOST = "$(BUILT_PRODUCTS_DIR)/ICloudBook_ios.app/ICloudBook_ios";
			};
			name = Release;
		};
		E3310A7C1C81FB8900D629F8 /* Debug */ = {
			isa = XCBuildConfiguration;
			buildSettings = {
				INFOPLIST_FILE = ICloudBook_iosUITests/Info.plist;
				LD_RUNPATH_SEARCH_PATHS = "$(inherited) @executable_path/Frameworks @loader_path/Frameworks";
				PRODUCT_BUNDLE_IDENTIFIER = "com.masterfan.ICloudBook-iosUITests";
				PRODUCT_NAME = "$(TARGET_NAME)";
				TEST_TARGET_NAME = ICloudBook_ios;
				USES_XCTRUNNER = YES;
			};
			name = Debug;
		};
		E3310A7D1C81FB8900D629F8 /* Release */ = {
			isa = XCBuildConfiguration;
			buildSettings = {
				INFOPLIST_FILE = ICloudBook_iosUITests/Info.plist;
				LD_RUNPATH_SEARCH_PATHS = "$(inherited) @executable_path/Frameworks @loader_path/Frameworks";
				PRODUCT_BUNDLE_IDENTIFIER = "com.masterfan.ICloudBook-iosUITests";
				PRODUCT_NAME = "$(TARGET_NAME)";
				TEST_TARGET_NAME = ICloudBook_ios;
				USES_XCTRUNNER = YES;
			};
			name = Release;
		};
/* End XCBuildConfiguration section */

/* Begin XCConfigurationList section */
		E3310A401C81FB8900D629F8 /* Build configuration list for PBXProject "ICloudBook_ios" */ = {
			isa = XCConfigurationList;
			buildConfigurations = (
				E3310A731C81FB8900D629F8 /* Debug */,
				E3310A741C81FB8900D629F8 /* Release */,
			);
			defaultConfigurationIsVisible = 0;
			defaultConfigurationName = Release;
		};
		E3310A751C81FB8900D629F8 /* Build configuration list for PBXNativeTarget "ICloudBook_ios" */ = {
			isa = XCConfigurationList;
			buildConfigurations = (
				E3310A761C81FB8900D629F8 /* Debug */,
				E3310A771C81FB8900D629F8 /* Release */,
			);
			defaultConfigurationIsVisible = 0;
			defaultConfigurationName = Release;
		};
		E3310A781C81FB8900D629F8 /* Build configuration list for PBXNativeTarget "ICloudBook_iosTests" */ = {
			isa = XCConfigurationList;
			buildConfigurations = (
				E3310A791C81FB8900D629F8 /* Debug */,
				E3310A7A1C81FB8900D629F8 /* Release */,
			);
			defaultConfigurationIsVisible = 0;
			defaultConfigurationName = Release;
		};
		E3310A7B1C81FB8900D629F8 /* Build configuration list for PBXNativeTarget "ICloudBook_iosUITests" */ = {
			isa = XCConfigurationList;
			buildConfigurations = (
				E3310A7C1C81FB8900D629F8 /* Debug */,
				E3310A7D1C81FB8900D629F8 /* Release */,
			);
			defaultConfigurationIsVisible = 0;
			defaultConfigurationName = Release;
		};
/* End XCConfigurationList section */
	};
	rootObject = E3310A3D1C81FB8900D629F8 /* Project object */;
}
